
Microsoft Visual Studio Solution File, Format Version 12.00
# Visual Studio Version 16
VisualStudioVersion = 16.0.31005.135
MinimumVisualStudioVersion = 10.0.40219.1
Project("{FAE04EC0-301F-11D3-BF4B-00C04F79EFBC}") = "Restaurant POS", "Restaurant POS.csproj", "{9CEE4A0F-81FB-4567-A3EE-35C43934E731}"
EndProject
Global
	GlobalSection(SolutionConfigurationPlatforms) = preSolution
		Debug|Any CPU = Debug|Any CPU
		Release|Any CPU = Release|Any CPU
	EndGlobalSection
	GlobalSection(ProjectConfigurationPlatforms) = postSolution
		{9CEE4A0F-81FB-4567-A3EE-35C43934E731}.Debug|Any CPU.ActiveCfg = Debug|Any CPU
		{9CEE4A0F-81FB-4567-A3EE-35C43934E731}.Debug|Any CPU.Build.0 = Debug|Any CPU
		{9CEE4A0F-81FB-4567-A3EE-35C43934E731}.Release|Any CPU.ActiveCfg = Release|Any CPU
		{9CEE4A0F-81FB-4567-A3EE-35C43934E731}.Release|Any CPU.Build.0 = Release|Any CPU
	EndGlobalSection
	GlobalSection(SolutionProperties) = preSolution
		HideSolutionNode = FALSE
	EndGlobalSection
	GlobalSection(ExtensibilityGlobals) = postSolution
		SolutionGuid = {7283206A-4B56-4267-BC77-CB04CBDF7BF0}
	EndGlobalSection
EndGlobal
